// !$*UTF8*$!
{
	archiveVersion = 1;
	classes = {
	};
	objectVersion = 56;
	objects = {

/* Begin PBXBuildFile section */
		184A32792C67C21100963663 /* ConstantsTemplate.swift in Sources */ = {isa = PBXBuildFile; fileRef = 184A32782C67C21100963663 /* ConstantsTemplate.swift */; };
		184A327B2C67ED4D00963663 /* Response.swift in Sources */ = {isa = PBXBuildFile; fileRef = 184A327A2C67ED4D00963663 /* Response.swift */; };
		187D4C9F2C66211D001E9326 /* Constants.swift in Sources */ = {isa = PBXBuildFile; fileRef = 187D4C9E2C66211D001E9326 /* Constants.swift */; };
		187D4CA12C6622C0001E9326 /* Video.swift in Sources */ = {isa = PBXBuildFile; fileRef = 187D4CA02C6622C0001E9326 /* Video.swift */; };
		187D4CA32C662BA9001E9326 /* Model.swift in Sources */ = {isa = PBXBuildFile; fileRef = 187D4CA22C662BA9001E9326 /* Model.swift */; };
		18965E372C65FA9400B34AC3 /* AppDelegate.swift in Sources */ = {isa = PBXBuildFile; fileRef = 18965E362C65FA9400B34AC3 /* AppDelegate.swift */; };
		18965E392C65FA9400B34AC3 /* SceneDelegate.swift in Sources */ = {isa = PBXBuildFile; fileRef = 18965E382C65FA9400B34AC3 /* SceneDelegate.swift */; };
		18965E3B2C65FA9400B34AC3 /* ViewController.swift in Sources */ = {isa = PBXBuildFile; fileRef = 18965E3A2C65FA9400B34AC3 /* ViewController.swift */; };
		18965E3E2C65FA9400B34AC3 /* Base in Resources */ = {isa = PBXBuildFile; fileRef = 18965E3D2C65FA9400B34AC3 /* Base */; };
		18965E402C65FA9500B34AC3 /* Assets.xcassets in Resources */ = {isa = PBXBuildFile; fileRef = 18965E3F2C65FA9500B34AC3 /* Assets.xcassets */; };
		18965E432C65FA9500B34AC3 /* Base in Resources */ = {isa = PBXBuildFile; fileRef = 18965E422C65FA9500B34AC3 /* Base */; };
		18AC61D12C69D84B0071C40C /* VideoTableViewCell.swift in Sources */ = {isa = PBXBuildFile; fileRef = 18AC61D02C69D84B0071C40C /* VideoTableViewCell.swift */; };
		18AC61D32C69EA7D0071C40C /* CacheManager.swift in Sources */ = {isa = PBXBuildFile; fileRef = 18AC61D22C69EA7D0071C40C /* CacheManager.swift */; };
		18BEDC872C6B39A600AEEAA7 /* DetailViewController.swift in Sources */ = {isa = PBXBuildFile; fileRef = 18BEDC862C6B39A600AEEAA7 /* DetailViewController.swift */; };
		18BEDC8A2C6B426400AEEAA7 /* WebKit.framework in Frameworks */ = {isa = PBXBuildFile; fileRef = 18BEDC892C6B426400AEEAA7 /* WebKit.framework */; };
/* End PBXBuildFile section */

/* Begin PBXFileReference section */
		184A32782C67C21100963663 /* ConstantsTemplate.swift */ = {isa = PBXFileReference; lastKnownFileType = sourcecode.swift; path = ConstantsTemplate.swift; sourceTree = "<group>"; };
		184A327A2C67ED4D00963663 /* Response.swift */ = {isa = PBXFileReference; lastKnownFileType = sourcecode.swift; path = Response.swift; sourceTree = "<group>"; };
		187D4C9E2C66211D001E9326 /* Constants.swift */ = {isa = PBXFileReference; lastKnownFileType = sourcecode.swift; path = Constants.swift; sourceTree = "<group>"; };
		187D4CA02C6622C0001E9326 /* Video.swift */ = {isa = PBXFileReference; lastKnownFileType = sourcecode.swift; path = Video.swift; sourceTree = "<group>"; };
		187D4CA22C662BA9001E9326 /* Model.swift */ = {isa = PBXFileReference; lastKnownFileType = sourcecode.swift; path = Model.swift; sourceTree = "<group>"; };
		18965E332C65FA9400B34AC3 /* YoutubeIosApplication.app */ = {isa = PBXFileReference; explicitFileType = wrapper.application; includeInIndex = 0; path = YoutubeIosApplication.app; sourceTree = BUILT_PRODUCTS_DIR; };
		18965E362C65FA9400B34AC3 /* AppDelegate.swift */ = {isa = PBXFileReference; lastKnownFileType = sourcecode.swift; path = AppDelegate.swift; sourceTree = "<group>"; };
		18965E382C65FA9400B34AC3 /* SceneDelegate.swift */ = {isa = PBXFileReference; lastKnownFileType = sourcecode.swift; path = SceneDelegate.swift; sourceTree = "<group>"; };
		18965E3A2C65FA9400B34AC3 /* ViewController.swift */ = {isa = PBXFileReference; lastKnownFileType = sourcecode.swift; path = ViewController.swift; sourceTree = "<group>"; };
		18965E3D2C65FA9400B34AC3 /* Base */ = {isa = PBXFileReference; lastKnownFileType = file.storyboard; name = Base; path = Base.lproj/Main.storyboard; sourceTree = "<group>"; };
		18965E3F2C65FA9500B34AC3 /* Assets.xcassets */ = {isa = PBXFileReference; lastKnownFileType = folder.assetcatalog; path = Assets.xcassets; sourceTree = "<group>"; };
		18965E422C65FA9500B34AC3 /* Base */ = {isa = PBXFileReference; lastKnownFileType = file.storyboard; name = Base; path = Base.lproj/LaunchScreen.storyboard; sourceTree = "<group>"; };
		18965E442C65FA9500B34AC3 /* Info.plist */ = {isa = PBXFileReference; lastKnownFileType = text.plist.xml; path = Info.plist; sourceTree = "<group>"; };
		18AC61D02C69D84B0071C40C /* VideoTableViewCell.swift */ = {isa = PBXFileReference; lastKnownFileType = sourcecode.swift; path = VideoTableViewCell.swift; sourceTree = "<group>"; };
		18AC61D22C69EA7D0071C40C /* CacheManager.swift */ = {isa = PBXFileReference; lastKnownFileType = sourcecode.swift; path = CacheManager.swift; sourceTree = "<group>"; };
		18BEDC862C6B39A600AEEAA7 /* DetailViewController.swift */ = {isa = PBXFileReference; lastKnownFileType = sourcecode.swift; path = DetailViewController.swift; sourceTree = "<group>"; };
		18BEDC892C6B426400AEEAA7 /* WebKit.framework */ = {isa = PBXFileReference; lastKnownFileType = wrapper.framework; name = WebKit.framework; path = System/Library/Frameworks/WebKit.framework; sourceTree = SDKROOT; };
/* End PBXFileReference section */

/* Begin PBXFrameworksBuildPhase section */
		18965E302C65FA9300B34AC3 /* Frameworks */ = {
			isa = PBXFrameworksBuildPhase;
			buildActionMask = 2147483647;
			files = (
				18BEDC8A2C6B426400AEEAA7 /* WebKit.framework in Frameworks */,
			);
			runOnlyForDeploymentPostprocessing = 0;
		};
/* End PBXFrameworksBuildPhase section */

/* Begin PBXGroup section */
		18965E2A2C65FA9300B34AC3 = {
			isa = PBXGroup;
			children = (
				18965E352C65FA9400B34AC3 /* YoutubeIosApplication */,
				18965E342C65FA9400B34AC3 /* Products */,
				18BEDC882C6B426400AEEAA7 /* Frameworks */,
			);
			sourceTree = "<group>";
		};
		18965E342C65FA9400B34AC3 /* Products */ = {
			isa = PBXGroup;
			children = (
				18965E332C65FA9400B34AC3 /* YoutubeIosApplication.app */,
			);
			name = Products;
			sourceTree = "<group>";
		};
		18965E352C65FA9400B34AC3 /* YoutubeIosApplication */ = {
			isa = PBXGroup;
			children = (
				18965E362C65FA9400B34AC3 /* AppDelegate.swift */,
				18965E382C65FA9400B34AC3 /* SceneDelegate.swift */,
				18965E3A2C65FA9400B34AC3 /* ViewController.swift */,
				18965E3C2C65FA9400B34AC3 /* Main.storyboard */,
				18965E3F2C65FA9500B34AC3 /* Assets.xcassets */,
				18965E412C65FA9500B34AC3 /* LaunchScreen.storyboard */,
				18965E442C65FA9500B34AC3 /* Info.plist */,
				187D4C9E2C66211D001E9326 /* Constants.swift */,
				187D4CA02C6622C0001E9326 /* Video.swift */,
				187D4CA22C662BA9001E9326 /* Model.swift */,
				184A32782C67C21100963663 /* ConstantsTemplate.swift */,
				184A327A2C67ED4D00963663 /* Response.swift */,
				18AC61D02C69D84B0071C40C /* VideoTableViewCell.swift */,
				18AC61D22C69EA7D0071C40C /* CacheManager.swift */,
				18BEDC862C6B39A600AEEAA7 /* DetailViewController.swift */,
			);
			path = YoutubeIosApplication;
			sourceTree = "<group>";
		};
		18BEDC882C6B426400AEEAA7 /* Frameworks */ = {
			isa = PBXGroup;
			children = (
				18BEDC892C6B426400AEEAA7 /* WebKit.framework */,
			);
			name = Frameworks;
			sourceTree = "<group>";
		};
/* End PBXGroup section */

/* Begin PBXNativeTarget section */
		18965E322C65FA9300B34AC3 /* YoutubeIosApplication */ = {
			isa = PBXNativeTarget;
			buildConfigurationList = 18965E472C65FA9500B34AC3 /* Build configuration list for PBXNativeTarget "YoutubeIosApplication" */;
			buildPhases = (
				18965E2F2C65FA9300B34AC3 /* Sources */,
				18965E302C65FA9300B34AC3 /* Frameworks */,
				18965E312C65FA9300B34AC3 /* Resources */,
			);
			buildRules = (
			);
			dependencies = (
			);
			name = YoutubeIosApplication;
			productName = YoutubeIosApplication;
			productReference = 18965E332C65FA9400B34AC3 /* YoutubeIosApplication.app */;
			productType = "com.apple.product-type.application";
		};
/* End PBXNativeTarget section */

/* Begin PBXProject section */
		18965E2B2C65FA9300B34AC3 /* Project object */ = {
			isa = PBXProject;
			attributes = {
				BuildIndependentTargetsInParallel = 1;
				LastSwiftUpdateCheck = 1540;
				LastUpgradeCheck = 1540;
				TargetAttributes = {
					18965E322C65FA9300B34AC3 = {
						CreatedOnToolsVersion = 15.4;
					};
				};
			};
			buildConfigurationList = 18965E2E2C65FA9300B34AC3 /* Build configuration list for PBXProject "YoutubeIosApplication" */;
			compatibilityVersion = "Xcode 14.0";
			developmentRegion = en;
			hasScannedForEncodings = 0;
			knownRegions = (
				en,
				Base,
			);
			mainGroup = 18965E2A2C65FA9300B34AC3;
			productRefGroup = 18965E342C65FA9400B34AC3 /* Products */;
			projectDirPath = "";
			projectRoot = "";
			targets = (
				18965E322C65FA9300B34AC3 /* YoutubeIosApplication */,
			);
		};
/* End PBXProject section */

/* Begin PBXResourcesBuildPhase section */
		18965E312C65FA9300B34AC3 /* Resources */ = {
			isa = PBXResourcesBuildPhase;
			buildActionMask = 2147483647;
			files = (
				18965E402C65FA9500B34AC3 /* Assets.xcassets in Resources */,
				18965E432C65FA9500B34AC3 /* Base in Resources */,
				18965E3E2C65FA9400B34AC3 /* Base in Resources */,
			);
			runOnlyForDeploymentPostprocessing = 0;
		};
/* End PBXResourcesBuildPhase section */

/* Begin PBXSourcesBuildPhase section */
		18965E2F2C65FA9300B34AC3 /* Sources */ = {
			isa = PBXSourcesBuildPhase;
			buildActionMask = 2147483647;
			files = (
				18BEDC872C6B39A600AEEAA7 /* DetailViewController.swift in Sources */,
				184A327B2C67ED4D00963663 /* Response.swift in Sources */,
				184A32792C67C21100963663 /* ConstantsTemplate.swift in Sources */,
				18965E3B2C65FA9400B34AC3 /* ViewController.swift in Sources */,
				18965E372C65FA9400B34AC3 /* AppDelegate.swift in Sources */,
				18965E392C65FA9400B34AC3 /* SceneDelegate.swift in Sources */,
				187D4CA32C662BA9001E9326 /* Model.swift in Sources */,
				18AC61D32C69EA7D0071C40C /* CacheManager.swift in Sources */,
				187D4C9F2C66211D001E9326 /* Constants.swift in Sources */,
				187D4CA12C6622C0001E9326 /* Video.swift in Sources */,
				18AC61D12C69D84B0071C40C /* VideoTableViewCell.swift in Sources */,
			);
			runOnlyForDeploymentPostprocessing = 0;
		};
/* End PBXSourcesBuildPhase section */

/* Begin PBXVariantGroup section */
		18965E3C2C65FA9400B34AC3 /* Main.storyboard */ = {
			isa = PBXVariantGroup;
			children = (
				18965E3D2C65FA9400B34AC3 /* Base */,
			);
			name = Main.storyboard;
			sourceTree = "<group>";
		};
		18965E412C65FA9500B34AC3 /* LaunchScreen.storyboard */ = {
			isa = PBXVariantGroup;
			children = (
				18965E422C65FA9500B34AC3 /* Base */,
			);
			name = LaunchScreen.storyboard;
			sourceTree = "<group>";
		};
/* End PBXVariantGroup section */

/* Begin XCBuildConfiguration section */
		18965E452C65FA9500B34AC3 /* Debug */ = {
			isa = XCBuildConfiguration;
			buildSettings = {
				ALWAYS_SEARCH_USER_PATHS = NO;
				ASSETCATALOG_COMPILER_GENERATE_SWIFT_ASSET_SYMBOL_EXTENSIONS = YES;
				CLANG_ANALYZER_NONNULL = YES;
				CLANG_ANALYZER_NUMBER_OBJECT_CONVERSION = YES_AGGRESSIVE;
				CLANG_CXX_LANGUAGE_STANDARD = "gnu++20";
				CLANG_ENABLE_MODULES = YES;
				CLANG_ENABLE_OBJC_ARC = YES;
				CLANG_ENABLE_OBJC_WEAK = YES;
				CLANG_WARN_BLOCK_CAPTURE_AUTORELEASING = YES;
				CLANG_WARN_BOOL_CONVERSION = YES;
				CLANG_WARN_COMMA = YES;
				CLANG_WARN_CONSTANT_CONVERSION = YES;
				CLANG_WARN_DEPRECATED_OBJC_IMPLEMENTATIONS = YES;
				CLANG_WARN_DIRECT_OBJC_ISA_USAGE = YES_ERROR;
				CLANG_WARN_DOCUMENTATION_COMMENTS = YES;
				CLANG_WARN_EMPTY_BODY = YES;
				CLANG_WARN_ENUM_CONVERSION = YES;
				CLANG_WARN_INFINITE_RECURSION = YES;
				CLANG_WARN_INT_CONVERSION = YES;
				CLANG_WARN_NON_LITERAL_NULL_CONVERSION = YES;
				CLANG_WARN_OBJC_IMPLICIT_RETAIN_SELF = YES;
				CLANG_WARN_OBJC_LITERAL_CONVERSION = YES;
				CLANG_WARN_OBJC_ROOT_CLASS = YES_ERROR;
				CLANG_WARN_QUOTED_INCLUDE_IN_FRAMEWORK_HEADER = YES;
				CLANG_WARN_RANGE_LOOP_ANALYSIS = YES;
				CLANG_WARN_STRICT_PROTOTYPES = YES;
				CLANG_WARN_SUSPICIOUS_MOVE = YES;
				CLANG_WARN_UNGUARDED_AVAILABILITY = YES_AGGRESSIVE;
				CLANG_WARN_UNREACHABLE_CODE = YES;
				CLANG_WARN__DUPLICATE_METHOD_MATCH = YES;
				COPY_PHASE_STRIP = NO;
				DEBUG_INFORMATION_FORMAT = dwarf;
				ENABLE_STRICT_OBJC_MSGSEND = YES;
				ENABLE_TESTABILITY = YES;
				ENABLE_USER_SCRIPT_SANDBOXING = YES;
				GCC_C_LANGUAGE_STANDARD = gnu17;
				GCC_DYNAMIC_NO_PIC = NO;
				GCC_NO_COMMON_BLOCKS = YES;
				GCC_OPTIMIZATION_LEVEL = 0;
				GCC_PREPROCESSOR_DEFINITIONS = (
					"DEBUG=1",
					"$(inherited)",
				);
				GCC_WARN_64_TO_32_BIT_CONVERSION = YES;
				GCC_WARN_ABOUT_RETURN_TYPE = YES_ERROR;
				GCC_WARN_UNDECLARED_SELECTOR = YES;
				GCC_WARN_UNINITIALIZED_AUTOS = YES_AGGRESSIVE;
				GCC_WARN_UNUSED_FUNCTION = YES;
				GCC_WARN_UNUSED_VARIABLE = YES;
				IPHONEOS_DEPLOYMENT_TARGET = 17.5;
				LOCALIZATION_PREFERS_STRING_CATALOGS = YES;
				MTL_ENABLE_DEBUG_INFO = INCLUDE_SOURCE;
				MTL_FAST_MATH = YES;
				ONLY_ACTIVE_ARCH = YES;
				SDKROOT = iphoneos;
				SWIFT_ACTIVE_COMPILATION_CONDITIONS = "DEBUG $(inherited)";
				SWIFT_OPTIMIZATION_LEVEL = "-Onone";
			};
			name = Debug;
		};
		18965E462C65FA9500B34AC3 /* Release */ = {
			isa = XCBuildConfiguration;
			buildSettings = {
				ALWAYS_SEARCH_USER_PATHS = NO;
				ASSETCATALOG_COMPILER_GENERATE_SWIFT_ASSET_SYMBOL_EXTENSIONS = YES;
				CLANG_ANALYZER_NONNULL = YES;
				CLANG_ANALYZER_NUMBER_OBJECT_CONVERSION = YES_AGGRESSIVE;
				CLANG_CXX_LANGUAGE_STANDARD = "gnu++20";
				CLANG_ENABLE_MODULES = YES;
				CLANG_ENABLE_OBJC_ARC = YES;
				CLANG_ENABLE_OBJC_WEAK = YES;
				CLANG_WARN_BLOCK_CAPTURE_AUTORELEASING = YES;
				CLANG_WARN_BOOL_CONVERSION = YES;
				CLANG_WARN_COMMA = YES;
				CLANG_WARN_CONSTANT_CONVERSION = YES;
				CLANG_WARN_DEPRECATED_OBJC_IMPLEMENTATIONS = YES;
				CLANG_WARN_DIRECT_OBJC_ISA_USAGE = YES_ERROR;
				CLANG_WARN_DOCUMENTATION_COMMENTS = YES;
				CLANG_WARN_EMPTY_BODY = YES;
				CLANG_WARN_ENUM_CONVERSION = YES;
				CLANG_WARN_INFINITE_RECURSION = YES;
				CLANG_WARN_INT_CONVERSION = YES;
				CLANG_WARN_NON_LITERAL_NULL_CONVERSION = YES;
				CLANG_WARN_OBJC_IMPLICIT_RETAIN_SELF = YES;
				CLANG_WARN_OBJC_LITERAL_CONVERSION = YES;
				CLANG_WARN_OBJC_ROOT_CLASS = YES_ERROR;
				CLANG_WARN_QUOTED_INCLUDE_IN_FRAMEWORK_HEADER = YES;
				CLANG_WARN_RANGE_LOOP_ANALYSIS = YES;
				CLANG_WARN_STRICT_PROTOTYPES = YES;
				CLANG_WARN_SUSPICIOUS_MOVE = YES;
				CLANG_WARN_UNGUARDED_AVAILABILITY = YES_AGGRESSIVE;
				CLANG_WARN_UNREACHABLE_CODE = YES;
				CLANG_WARN__DUPLICATE_METHOD_MATCH = YES;
				COPY_PHASE_STRIP = NO;
				DEBUG_INFORMATION_FORMAT = "dwarf-with-dsym";
				ENABLE_NS_ASSERTIONS = NO;
				ENABLE_STRICT_OBJC_MSGSEND = YES;
				ENABLE_USER_SCRIPT_SANDBOXING = YES;
				GCC_C_LANGUAGE_STANDARD = gnu17;
				GCC_NO_COMMON_BLOCKS = YES;
				GCC_WARN_64_TO_32_BIT_CONVERSION = YES;
				GCC_WARN_ABOUT_RETURN_TYPE = YES_ERROR;
				GCC_WARN_UNDECLARED_SELECTOR = YES;
				GCC_WARN_UNINITIALIZED_AUTOS = YES_AGGRESSIVE;
				GCC_WARN_UNUSED_FUNCTION = YES;
				GCC_WARN_UNUSED_VARIABLE = YES;
				IPHONEOS_DEPLOYMENT_TARGET = 17.5;
				LOCALIZATION_PREFERS_STRING_CATALOGS = YES;
				MTL_ENABLE_DEBUG_INFO = NO;
				MTL_FAST_MATH = YES;
				SDKROOT = iphoneos;
				SWIFT_COMPILATION_MODE = wholemodule;
				VALIDATE_PRODUCT = YES;
			};
			name = Release;
		};
		18965E482C65FA9500B34AC3 /* Debug */ = {
			isa = XCBuildConfiguration;
			buildSettings = {
				ASSETCATALOG_COMPILER_APPICON_NAME = AppIcon;
				ASSETCATALOG_COMPILER_GLOBAL_ACCENT_COLOR_NAME = AccentColor;
				CODE_SIGN_STYLE = Automatic;
				CURRENT_PROJECT_VERSION = 1;
				GENERATE_INFOPLIST_FILE = YES;
				INFOPLIST_FILE = YoutubeIosApplication/Info.plist;
				INFOPLIST_KEY_UIApplicationSupportsIndirectInputEvents = YES;
				INFOPLIST_KEY_UILaunchStoryboardName = LaunchScreen;
				INFOPLIST_KEY_UIMainStoryboardFile = Main;
				INFOPLIST_KEY_UISupportedInterfaceOrientations_iPad = "UIInterfaceOrientationPortrait UIInterfaceOrientationPortraitUpsideDown UIInterfaceOrientationLandscapeLeft UIInterfaceOrientationLandscapeRight";
				INFOPLIST_KEY_UISupportedInterfaceOrientations_iPhone = "UIInterfaceOrientationPortrait UIInterfaceOrientationLandscapeLeft UIInterfaceOrientationLandscapeRight";
				LD_RUNPATH_SEARCH_PATHS = (
					"$(inherited)",
					"@executable_path/Frameworks",
				);
				MARKETING_VERSION = 1.0;
				PRODUCT_BUNDLE_IDENTIFIER = shivam.YoutubeIosApplication;
				PRODUCT_NAME = "$(TARGET_NAME)";
				SWIFT_EMIT_LOC_STRINGS = YES;
				SWIFT_VERSION = 5.0;
				TARGETED_DEVICE_FAMILY = "1,2";
			};
			name = Debug;
		};
		18965E492C65FA9500B34AC3 /* Release */ = {
			isa = XCBuildConfiguration;
			buildSettings = {
				ASSETCATALOG_COMPILER_APPICON_NAME = AppIcon;
				ASSETCATALOG_COMPILER_GLOBAL_ACCENT_COLOR_NAME = AccentColor;
				CODE_SIGN_STYLE = Automatic;
				CURRENT_PROJECT_VERSION = 1;
				GENERATE_INFOPLIST_FILE = YES;
				INFOPLIST_FILE = YoutubeIosApplication/Info.plist;
				INFOPLIST_KEY_UIApplicationSupportsIndirectInputEvents = YES;
				INFOPLIST_KEY_UILaunchStoryboardName = LaunchScreen;
				INFOPLIST_KEY_UIMainStoryboardFile = Main;
				INFOPLIST_KEY_UISupportedInterfaceOrientations_iPad = "UIInterfaceOrientationPortrait UIInterfaceOrientationPortraitUpsideDown UIInterfaceOrientationLandscapeLeft UIInterfaceOrientationLandscapeRight";
				INFOPLIST_KEY_UISupportedInterfaceOrientations_iPhone = "UIInterfaceOrientationPortrait UIInterfaceOrientationLandscapeLeft UIInterfaceOrientationLandscapeRight";
				LD_RUNPATH_SEARCH_PATHS = (
					"$(inherited)",
					"@executable_path/Frameworks",
				);
				MARKETING_VERSION = 1.0;
				PRODUCT_BUNDLE_IDENTIFIER = shivam.YoutubeIosApplication;
				PRODUCT_NAME = "$(TARGET_NAME)";
				SWIFT_EMIT_LOC_STRINGS = YES;
				SWIFT_VERSION = 5.0;
				TARGETED_DEVICE_FAMILY = "1,2";
			};
			name = Release;
		};
/* End XCBuildConfiguration section */

/* Begin XCConfigurationList section */
		18965E2E2C65FA9300B34AC3 /* Build configuration list for PBXProject "YoutubeIosApplication" */ = {
			isa = XCConfigurationList;
			buildConfigurations = (
				18965E452C65FA9500B34AC3 /* Debug */,
				18965E462C65FA9500B34AC3 /* Release */,
			);
			defaultConfigurationIsVisible = 0;
			defaultConfigurationName = Release;
		};
		18965E472C65FA9500B34AC3 /* Build configuration list for PBXNativeTarget "YoutubeIosApplication" */ = {
			isa = XCConfigurationList;
			buildConfigurations = (
				18965E482C65FA9500B34AC3 /* Debug */,
				18965E492C65FA9500B34AC3 /* Release */,
			);
			defaultConfigurationIsVisible = 0;
			defaultConfigurationName = Release;
		};
/* End XCConfigurationList section */
	};
	rootObject = 18965E2B2C65FA9300B34AC3 /* Project object */;
}
